
Microsoft Visual Studio Solution File, Format Version 12.00
# Visual Studio Version 16
VisualStudioVersion = 16.0.29318.209
MinimumVisualStudioVersion = 10.0.40219.1
Project("{FAE04EC0-301F-11D3-BF4B-00C04F79EFBC}") = "FileSearch", "FileSearch\FileSearch.csproj", "{412C20E5-5ADF-402E-B2B3-4CD375B086A0}"
EndProject
Global
	GlobalSection(SolutionConfigurationPlatforms) = preSolution
		Debug|Any CPU = Debug|Any CPU
		Release|Any CPU = Release|Any CPU
	EndGlobalSection
	GlobalSection(ProjectConfigurationPlatforms) = postSolution
		{412C20E5-5ADF-402E-B2B3-4CD375B086A0}.Debug|Any CPU.ActiveCfg = Debug|Any CPU
		{412C20E5-5ADF-402E-B2B3-4CD375B086A0}.Debug|Any CPU.Build.0 = Debug|Any CPU
		{412C20E5-5ADF-402E-B2B3-4CD375B086A0}.Release|Any CPU.ActiveCfg = Release|Any CPU
		{412C20E5-5ADF-402E-B2B3-4CD375B086A0}.Release|Any CPU.Build.0 = Release|Any CPU
	EndGlobalSection
	GlobalSection(SolutionProperties) = preSolution
		HideSolutionNode = FALSE
	EndGlobalSection
	GlobalSection(ExtensibilityGlobals) = postSolution
		SolutionGuid = {9908994A-3357-4564-B9A3-0BB186FA9840}
	EndGlobalSection
EndGlobal
